
Microsoft Visual Studio Solution File, Format Version 12.00
Project("{FAE04EC0-301F-11D3-BF4B-00C04F79EFBC}") = "VillaAPI", "VillaAPI\VillaAPI.csproj", "{F5EF96E0-0E65-463C-9B4D-39805B839592}"
EndProject
Global
	GlobalSection(SolutionConfigurationPlatforms) = preSolution
		Debug|Any CPU = Debug|Any CPU
		Release|Any CPU = Release|Any CPU
	EndGlobalSection
	GlobalSection(ProjectConfigurationPlatforms) = postSolution
		{F5EF96E0-0E65-463C-9B4D-39805B839592}.Debug|Any CPU.ActiveCfg = Debug|Any CPU
		{F5EF96E0-0E65-463C-9B4D-39805B839592}.Debug|Any CPU.Build.0 = Debug|Any CPU
		{F5EF96E0-0E65-463C-9B4D-39805B839592}.Release|Any CPU.ActiveCfg = Release|Any CPU
		{F5EF96E0-0E65-463C-9B4D-39805B839592}.Release|Any CPU.Build.0 = Release|Any CPU
	EndGlobalSection
EndGlobal
